
Microsoft Visual Studio Solution File, Format Version 12.00
# Visual Studio 2013
VisualStudioVersion = 12.0.30723.0
MinimumVisualStudioVersion = 10.0.40219.1
Project("{FAE04EC0-301F-11D3-BF4B-00C04F79EFBC}") = "Patterns.Autofac", "Patterns.Autofac\Patterns.Autofac.csproj", "{97728D2C-BDD1-4DE5-A478-3ED86B3F091B}"
EndProject
Project("{FAE04EC0-301F-11D3-BF4B-00C04F79EFBC}") = "Patterns.Testing", "Patterns.Testing\Patterns.Testing.csproj", "{367EAA3A-FABB-4CFB-AF01-AD0A4F0499FD}"
EndProject
Project("{2150E333-8FDC-42A3-9474-1A3956D46DE8}") = "Code Style Enforcer", "Code Style Enforcer", "{F618E3AE-23E9-4F71-8AA9-7C8847F65074}"
	ProjectSection(SolutionItems) = preProject
		Code Style Enforcer\ImplementationRules.xml = Code Style Enforcer\ImplementationRules.xml
		Code Style Enforcer\NameRules.xml = Code Style Enforcer\NameRules.xml
		Code Style Enforcer\VisibilityRules.xml = Code Style Enforcer\VisibilityRules.xml
	EndProjectSection
EndProject
Project("{2150E333-8FDC-42A3-9474-1A3956D46DE8}") = ".nuget", ".nuget", "{AB1B5CD1-6638-494E-91B2-A8D650DB8EA8}"
	ProjectSection(SolutionItems) = preProject
		.nuget\NuGet.exe = .nuget\NuGet.exe
		.nuget\NuGet.targets = .nuget\NuGet.targets
		.nuget\packages.config = .nuget\packages.config
	EndProjectSection
EndProject
Project("{FAE04EC0-301F-11D3-BF4B-00C04F79EFBC}") = "_specs", "_specs\_specs.csproj", "{5294698C-FC9F-491B-A914-22C5E32B51F6}"
EndProject
Project("{FAE04EC0-301F-11D3-BF4B-00C04F79EFBC}") = "Patterns.Testing.Autofac", "Patterns.Testing.Autofac\Patterns.Testing.Autofac.csproj", "{88379560-EFAE-4296-BF81-D1809B0F7BD3}"
EndProject
Project("{FAE04EC0-301F-11D3-BF4B-00C04F79EFBC}") = "Collections", "Patterns\Collections\Collections.csproj", "{72D556D8-BED5-4FCF-BABC-6C4714BAD25A}"
EndProject
Project("{2150E333-8FDC-42A3-9474-1A3956D46DE8}") = "Patterns", "Patterns", "{7E766DBE-A161-450F-AE10-7D07D97464EB}"
EndProject
Project("{FAE04EC0-301F-11D3-BF4B-00C04F79EFBC}") = "Configuration", "Patterns\Configuration\Configuration.csproj", "{1E5AC2FE-1C48-449C-B82E-BE51DFFED47D}"
EndProject
Project("{FAE04EC0-301F-11D3-BF4B-00C04F79EFBC}") = "Text", "Patterns\Text\Text.csproj", "{4EF5049B-D710-4BF2-BC8B-D849D126110D}"
EndProject
Project("{FAE04EC0-301F-11D3-BF4B-00C04F79EFBC}") = "ExceptionHandling", "Patterns\ExceptionHandling\ExceptionHandling.csproj", "{EB8F001A-471C-4F07-80DB-11D7F03F5C84}"
EndProject
Project("{FAE04EC0-301F-11D3-BF4B-00C04F79EFBC}") = "Interception", "Patterns\Interception\Interception.csproj", "{B90450DC-45E0-40D3-9A69-D467A0B7C098}"
EndProject
Project("{FAE04EC0-301F-11D3-BF4B-00C04F79EFBC}") = "Logging", "Patterns\Logging\Logging.csproj", "{C0DEA7AF-998F-4671-8D01-EF7255D267F8}"
EndProject
Global
	GlobalSection(SolutionConfigurationPlatforms) = preSolution
		Debug|Any CPU = Debug|Any CPU
		Release|Any CPU = Release|Any CPU
	EndGlobalSection
	GlobalSection(ProjectConfigurationPlatforms) = postSolution
		{97728D2C-BDD1-4DE5-A478-3ED86B3F091B}.Debug|Any CPU.ActiveCfg = Debug|Any CPU
		{97728D2C-BDD1-4DE5-A478-3ED86B3F091B}.Debug|Any CPU.Build.0 = Debug|Any CPU
		{97728D2C-BDD1-4DE5-A478-3ED86B3F091B}.Release|Any CPU.ActiveCfg = Release|Any CPU
		{97728D2C-BDD1-4DE5-A478-3ED86B3F091B}.Release|Any CPU.Build.0 = Release|Any CPU
		{367EAA3A-FABB-4CFB-AF01-AD0A4F0499FD}.Debug|Any CPU.ActiveCfg = Debug|Any CPU
		{367EAA3A-FABB-4CFB-AF01-AD0A4F0499FD}.Debug|Any CPU.Build.0 = Debug|Any CPU
		{367EAA3A-FABB-4CFB-AF01-AD0A4F0499FD}.Release|Any CPU.ActiveCfg = Release|Any CPU
		{367EAA3A-FABB-4CFB-AF01-AD0A4F0499FD}.Release|Any CPU.Build.0 = Release|Any CPU
		{5294698C-FC9F-491B-A914-22C5E32B51F6}.Debug|Any CPU.ActiveCfg = Debug|Any CPU
		{5294698C-FC9F-491B-A914-22C5E32B51F6}.Debug|Any CPU.Build.0 = Debug|Any CPU
		{5294698C-FC9F-491B-A914-22C5E32B51F6}.Release|Any CPU.ActiveCfg = Release|Any CPU
		{5294698C-FC9F-491B-A914-22C5E32B51F6}.Release|Any CPU.Build.0 = Release|Any CPU
		{88379560-EFAE-4296-BF81-D1809B0F7BD3}.Debug|Any CPU.ActiveCfg = Debug|Any CPU
		{88379560-EFAE-4296-BF81-D1809B0F7BD3}.Debug|Any CPU.Build.0 = Debug|Any CPU
		{88379560-EFAE-4296-BF81-D1809B0F7BD3}.Release|Any CPU.ActiveCfg = Release|Any CPU
		{88379560-EFAE-4296-BF81-D1809B0F7BD3}.Release|Any CPU.Build.0 = Release|Any CPU
		{72D556D8-BED5-4FCF-BABC-6C4714BAD25A}.Debug|Any CPU.ActiveCfg = Debug|Any CPU
		{72D556D8-BED5-4FCF-BABC-6C4714BAD25A}.Debug|Any CPU.Build.0 = Debug|Any CPU
		{72D556D8-BED5-4FCF-BABC-6C4714BAD25A}.Release|Any CPU.ActiveCfg = Release|Any CPU
		{72D556D8-BED5-4FCF-BABC-6C4714BAD25A}.Release|Any CPU.Build.0 = Release|Any CPU
		{1E5AC2FE-1C48-449C-B82E-BE51DFFED47D}.Debug|Any CPU.ActiveCfg = Debug|Any CPU
		{1E5AC2FE-1C48-449C-B82E-BE51DFFED47D}.Debug|Any CPU.Build.0 = Debug|Any CPU
		{1E5AC2FE-1C48-449C-B82E-BE51DFFED47D}.Release|Any CPU.ActiveCfg = Release|Any CPU
		{1E5AC2FE-1C48-449C-B82E-BE51DFFED47D}.Release|Any CPU.Build.0 = Release|Any CPU
		{4EF5049B-D710-4BF2-BC8B-D849D126110D}.Debug|Any CPU.ActiveCfg = Debug|Any CPU
		{4EF5049B-D710-4BF2-BC8B-D849D126110D}.Debug|Any CPU.Build.0 = Debug|Any CPU
		{4EF5049B-D710-4BF2-BC8B-D849D126110D}.Release|Any CPU.ActiveCfg = Release|Any CPU
		{4EF5049B-D710-4BF2-BC8B-D849D126110D}.Release|Any CPU.Build.0 = Release|Any CPU
		{EB8F001A-471C-4F07-80DB-11D7F03F5C84}.Debug|Any CPU.ActiveCfg = Debug|Any CPU
		{EB8F001A-471C-4F07-80DB-11D7F03F5C84}.Debug|Any CPU.Build.0 = Debug|Any CPU
		{EB8F001A-471C-4F07-80DB-11D7F03F5C84}.Release|Any CPU.ActiveCfg = Release|Any CPU
		{EB8F001A-471C-4F07-80DB-11D7F03F5C84}.Release|Any CPU.Build.0 = Release|Any CPU
		{B90450DC-45E0-40D3-9A69-D467A0B7C098}.Debug|Any CPU.ActiveCfg = Debug|Any CPU
		{B90450DC-45E0-40D3-9A69-D467A0B7C098}.Debug|Any CPU.Build.0 = Debug|Any CPU
		{B90450DC-45E0-40D3-9A69-D467A0B7C098}.Release|Any CPU.ActiveCfg = Release|Any CPU
		{B90450DC-45E0-40D3-9A69-D467A0B7C098}.Release|Any CPU.Build.0 = Release|Any CPU
		{C0DEA7AF-998F-4671-8D01-EF7255D267F8}.Debug|Any CPU.ActiveCfg = Debug|Any CPU
		{C0DEA7AF-998F-4671-8D01-EF7255D267F8}.Debug|Any CPU.Build.0 = Debug|Any CPU
		{C0DEA7AF-998F-4671-8D01-EF7255D267F8}.Release|Any CPU.ActiveCfg = Release|Any CPU
		{C0DEA7AF-998F-4671-8D01-EF7255D267F8}.Release|Any CPU.Build.0 = Release|Any CPU
	EndGlobalSection
	GlobalSection(SolutionProperties) = preSolution
		HideSolutionNode = FALSE
	EndGlobalSection
	GlobalSection(NestedProjects) = preSolution
		{72D556D8-BED5-4FCF-BABC-6C4714BAD25A} = {7E766DBE-A161-450F-AE10-7D07D97464EB}
		{1E5AC2FE-1C48-449C-B82E-BE51DFFED47D} = {7E766DBE-A161-450F-AE10-7D07D97464EB}
		{4EF5049B-D710-4BF2-BC8B-D849D126110D} = {7E766DBE-A161-450F-AE10-7D07D97464EB}
		{EB8F001A-471C-4F07-80DB-11D7F03F5C84} = {7E766DBE-A161-450F-AE10-7D07D97464EB}
		{B90450DC-45E0-40D3-9A69-D467A0B7C098} = {7E766DBE-A161-450F-AE10-7D07D97464EB}
		{C0DEA7AF-998F-4671-8D01-EF7255D267F8} = {7E766DBE-A161-450F-AE10-7D07D97464EB}
	EndGlobalSection
	GlobalSection(ExtensibilityGlobals) = postSolution
		CodeStyleEnforcer_RulesLocation = 1
		CodeStyleEnforcer_Active = -1
	EndGlobalSection
EndGlobal
