
Microsoft Visual Studio Solution File, Format Version 11.00
# Visual Studio 2010
Project("{FAE04EC0-301F-11D3-BF4B-00C04F79EFBC}") = "Patterns", "Patterns\Patterns.csproj", "{2BC41806-D0BF-4993-B342-CC7A3EDDF313}"
EndProject
Project("{FAE04EC0-301F-11D3-BF4B-00C04F79EFBC}") = "Patterns.Autofac", "Patterns.Autofac\Patterns.Autofac.csproj", "{97728D2C-BDD1-4DE5-A478-3ED86B3F091B}"
EndProject
Project("{FAE04EC0-301F-11D3-BF4B-00C04F79EFBC}") = "Patterns.Testing", "Patterns.Testing\Patterns.Testing.csproj", "{367EAA3A-FABB-4CFB-AF01-AD0A4F0499FD}"
EndProject
Project("{2150E333-8FDC-42A3-9474-1A3956D46DE8}") = "Code Style Enforcer", "Code Style Enforcer", "{F618E3AE-23E9-4F71-8AA9-7C8847F65074}"
	ProjectSection(SolutionItems) = preProject
		Code Style Enforcer\ImplementationRules.xml = Code Style Enforcer\ImplementationRules.xml
		Code Style Enforcer\NameRules.xml = Code Style Enforcer\NameRules.xml
		Code Style Enforcer\VisibilityRules.xml = Code Style Enforcer\VisibilityRules.xml
	EndProjectSection
EndProject
Project("{2150E333-8FDC-42A3-9474-1A3956D46DE8}") = ".nuget", ".nuget", "{AB1B5CD1-6638-494E-91B2-A8D650DB8EA8}"
	ProjectSection(SolutionItems) = preProject
		.nuget\NuGet.exe = .nuget\NuGet.exe
		.nuget\NuGet.targets = .nuget\NuGet.targets
		.nuget\packages.config = .nuget\packages.config
	EndProjectSection
EndProject
Project("{FAE04EC0-301F-11D3-BF4B-00C04F79EFBC}") = "_specs", "_specs\_specs.csproj", "{5294698C-FC9F-491B-A914-22C5E32B51F6}"
EndProject
Global
	GlobalSection(SolutionConfigurationPlatforms) = preSolution
		Debug|Any CPU = Debug|Any CPU
		Release|Any CPU = Release|Any CPU
	EndGlobalSection
	GlobalSection(ProjectConfigurationPlatforms) = postSolution
		{2BC41806-D0BF-4993-B342-CC7A3EDDF313}.Debug|Any CPU.ActiveCfg = Debug|Any CPU
		{2BC41806-D0BF-4993-B342-CC7A3EDDF313}.Debug|Any CPU.Build.0 = Debug|Any CPU
		{2BC41806-D0BF-4993-B342-CC7A3EDDF313}.Release|Any CPU.ActiveCfg = Release|Any CPU
		{2BC41806-D0BF-4993-B342-CC7A3EDDF313}.Release|Any CPU.Build.0 = Release|Any CPU
		{97728D2C-BDD1-4DE5-A478-3ED86B3F091B}.Debug|Any CPU.ActiveCfg = Debug|Any CPU
		{97728D2C-BDD1-4DE5-A478-3ED86B3F091B}.Debug|Any CPU.Build.0 = Debug|Any CPU
		{97728D2C-BDD1-4DE5-A478-3ED86B3F091B}.Release|Any CPU.ActiveCfg = Release|Any CPU
		{97728D2C-BDD1-4DE5-A478-3ED86B3F091B}.Release|Any CPU.Build.0 = Release|Any CPU
		{367EAA3A-FABB-4CFB-AF01-AD0A4F0499FD}.Debug|Any CPU.ActiveCfg = Debug|Any CPU
		{367EAA3A-FABB-4CFB-AF01-AD0A4F0499FD}.Debug|Any CPU.Build.0 = Debug|Any CPU
		{367EAA3A-FABB-4CFB-AF01-AD0A4F0499FD}.Release|Any CPU.ActiveCfg = Release|Any CPU
		{367EAA3A-FABB-4CFB-AF01-AD0A4F0499FD}.Release|Any CPU.Build.0 = Release|Any CPU
		{5294698C-FC9F-491B-A914-22C5E32B51F6}.Debug|Any CPU.ActiveCfg = Debug|Any CPU
		{5294698C-FC9F-491B-A914-22C5E32B51F6}.Debug|Any CPU.Build.0 = Debug|Any CPU
		{5294698C-FC9F-491B-A914-22C5E32B51F6}.Release|Any CPU.ActiveCfg = Release|Any CPU
		{5294698C-FC9F-491B-A914-22C5E32B51F6}.Release|Any CPU.Build.0 = Release|Any CPU
	EndGlobalSection
	GlobalSection(SolutionProperties) = preSolution
		HideSolutionNode = FALSE
	EndGlobalSection
	GlobalSection(ExtensibilityGlobals) = postSolution
		CodeStyleEnforcer_RulesLocation = 1
		CodeStyleEnforcer_Active = -1
	EndGlobalSection
EndGlobal
